// !$*UTF8*$!
{
	archiveVersion = 1;
	classes = {
	};
	objectVersion = 46;
	objects = {

/* Begin PBXBuildFile section */
		0E67ABAA1424CA70AE73070B /* libPods-TRProject.a in Frameworks */ = {isa = PBXBuildFile; fileRef = 3A8F54CE0222A3F4E0D59483 /* libPods-TRProject.a */; };
		382C11831C7E8CDD00F34BB0 /* AppDelegate+System.m in Sources */ = {isa = PBXBuildFile; fileRef = 382C11821C7E8CDD00F34BB0 /* AppDelegate+System.m */; };
		382C976A1C81D686003D1D51 /* UIView+HUD.m in Sources */ = {isa = PBXBuildFile; fileRef = 382C97691C81D686003D1D51 /* UIView+HUD.m */; };
		3851FBE11D0F0C110054BDA0 /* TRBaseViewModel.m in Sources */ = {isa = PBXBuildFile; fileRef = 3851FBE01D0F0C110054BDA0 /* TRBaseViewModel.m */; };
		386BF94B1CBB3C9600BC74F1 /* NSObject+Parse.m in Sources */ = {isa = PBXBuildFile; fileRef = 386BF94A1CBB3C9600BC74F1 /* NSObject+Parse.m */; };
		386BF94E1CBB3CE200BC74F1 /* NSString+YX.m in Sources */ = {isa = PBXBuildFile; fileRef = 386BF94D1CBB3CE200BC74F1 /* NSString+YX.m */; };
		3899BC981C7D87620032ADEA /* CFNetwork.framework in Frameworks */ = {isa = PBXBuildFile; fileRef = 3899BC971C7D87620032ADEA /* CFNetwork.framework */; };
		38A1A3371C74526C007EEEB7 /* ViewController.m in Sources */ = {isa = PBXBuildFile; fileRef = 38A1A3351C74526C007EEEB7 /* ViewController.m */; };
		38A1A3461C745317007EEEB7 /* NSObject+AFNetworking.m in Sources */ = {isa = PBXBuildFile; fileRef = 38A1A3411C745317007EEEB7 /* NSObject+AFNetworking.m */; };
		38A1A3481C745317007EEEB7 /* UIScrollView+Refresh.m in Sources */ = {isa = PBXBuildFile; fileRef = 38A1A3451C745317007EEEB7 /* UIScrollView+Refresh.m */; };
		38A641F81C8C225D00FCBF96 /* Assets.xcassets in Resources */ = {isa = PBXBuildFile; fileRef = 38A641F51C8C225D00FCBF96 /* Assets.xcassets */; };
		38A641F91C8C225D00FCBF96 /* LaunchScreen.storyboard in Resources */ = {isa = PBXBuildFile; fileRef = 38A641F61C8C225D00FCBF96 /* LaunchScreen.storyboard */; };
		38A641FA1C8C225D00FCBF96 /* Main.storyboard in Resources */ = {isa = PBXBuildFile; fileRef = 38A641F71C8C225D00FCBF96 /* Main.storyboard */; };
		38ADA3B81C626AAF0093502F /* main.m in Sources */ = {isa = PBXBuildFile; fileRef = 38ADA3B71C626AAF0093502F /* main.m */; };
		38ADA3BB1C626AAF0093502F /* AppDelegate.m in Sources */ = {isa = PBXBuildFile; fileRef = 38ADA3BA1C626AAF0093502F /* AppDelegate.m */; };
		DB1A42F01D1A94F800B4EFFA /* YXRecommendViewController.m in Sources */ = {isa = PBXBuildFile; fileRef = DB1A42EF1D1A94F800B4EFFA /* YXRecommendViewController.m */; };
		DB1A42F31D1A959E00B4EFFA /* YXAllListViewController.m in Sources */ = {isa = PBXBuildFile; fileRef = DB1A42F21D1A959E00B4EFFA /* YXAllListViewController.m */; };
		DB1A42F61D1A95B600B4EFFA /* YXGameListViewController.m in Sources */ = {isa = PBXBuildFile; fileRef = DB1A42F51D1A95B600B4EFFA /* YXGameListViewController.m */; };
		DB1A43061D1AB8D600B4EFFA /* YXMyPageViewController.m in Sources */ = {isa = PBXBuildFile; fileRef = DB1A43051D1AB8D600B4EFFA /* YXMyPageViewController.m */; };
		DB1A43091D1ABC0F00B4EFFA /* YXGameListCell.m in Sources */ = {isa = PBXBuildFile; fileRef = DB1A43081D1ABC0F00B4EFFA /* YXGameListCell.m */; };
		DB1A430C1D1AEE3000B4EFFA /* YXAllListCell.m in Sources */ = {isa = PBXBuildFile; fileRef = DB1A430B1D1AEE3000B4EFFA /* YXAllListCell.m */; };
		DB1A430F1D1AF41D00B4EFFA /* YXAllListTheHeroViewController.m in Sources */ = {isa = PBXBuildFile; fileRef = DB1A430E1D1AF41D00B4EFFA /* YXAllListTheHeroViewController.m */; };
		DB78AF8C1D213420004B8837 /* YXResumeViewController.m in Sources */ = {isa = PBXBuildFile; fileRef = DB78AF8B1D213420004B8837 /* YXResumeViewController.m */; };
		DB78AF8F1D213614004B8837 /* YXResumeViewCell.m in Sources */ = {isa = PBXBuildFile; fileRef = DB78AF8E1D213614004B8837 /* YXResumeViewCell.m */; };
		DB8FAFE81D194CB4005A0DA0 /* YXRecommendModel.m in Sources */ = {isa = PBXBuildFile; fileRef = DB8FAFE71D194CB4005A0DA0 /* YXRecommendModel.m */; };
		DB8FAFEB1D1981B0005A0DA0 /* YXNetManager.m in Sources */ = {isa = PBXBuildFile; fileRef = DB8FAFEA1D1981B0005A0DA0 /* YXNetManager.m */; };
		DB8FAFEE1D1982A7005A0DA0 /* YXRecommendViewModel.m in Sources */ = {isa = PBXBuildFile; fileRef = DB8FAFED1D1982A7005A0DA0 /* YXRecommendViewModel.m */; };
		DB8FAFF11D198BA9005A0DA0 /* YXDateModel.m in Sources */ = {isa = PBXBuildFile; fileRef = DB8FAFF01D198BA9005A0DA0 /* YXDateModel.m */; };
		DB8FAFF41D198DB3005A0DA0 /* YXGameListModel.m in Sources */ = {isa = PBXBuildFile; fileRef = DB8FAFF31D198DB3005A0DA0 /* YXGameListModel.m */; };
		DB8FAFF71D19901A005A0DA0 /* YXGameListViewModel.m in Sources */ = {isa = PBXBuildFile; fileRef = DB8FAFF61D19901A005A0DA0 /* YXGameListViewModel.m */; };
		DB8FAFFA1D1992F0005A0DA0 /* YXTheGameModel.m in Sources */ = {isa = PBXBuildFile; fileRef = DB8FAFF91D1992F0005A0DA0 /* YXTheGameModel.m */; };
		DB8FAFFD1D1995B0005A0DA0 /* YXTheGameViewModel.m in Sources */ = {isa = PBXBuildFile; fileRef = DB8FAFFC1D1995B0005A0DA0 /* YXTheGameViewModel.m */; };
		DB8FB0001D19972E005A0DA0 /* YXAllListModel.m in Sources */ = {isa = PBXBuildFile; fileRef = DB8FAFFF1D19972E005A0DA0 /* YXAllListModel.m */; };
		DB8FB0031D1998D4005A0DA0 /* YXAllListViewModel.m in Sources */ = {isa = PBXBuildFile; fileRef = DB8FB0021D1998D4005A0DA0 /* YXAllListViewModel.m */; };
		DBC0F8721D1BFC8800CE9403 /* YXRecommendHeaderView.m in Sources */ = {isa = PBXBuildFile; fileRef = DBC0F8711D1BFC8800CE9403 /* YXRecommendHeaderView.m */; };
		DBFFABE71D1FB42000461B19 /* YXSectionHeaderView.m in Sources */ = {isa = PBXBuildFile; fileRef = DBFFABE61D1FB42000461B19 /* YXSectionHeaderView.m */; };
		DBFFABEA1D1FDC9300461B19 /* YXMidCell.m in Sources */ = {isa = PBXBuildFile; fileRef = DBFFABE91D1FDC9300461B19 /* YXMidCell.m */; };
		DBFFABEF1D20BF2B00461B19 /* YXSearchModel.m in Sources */ = {isa = PBXBuildFile; fileRef = DBFFABEE1D20BF2B00461B19 /* YXSearchModel.m */; };
		DBFFABF21D20C3D500461B19 /* YXSearchViewModel.m in Sources */ = {isa = PBXBuildFile; fileRef = DBFFABF11D20C3D500461B19 /* YXSearchViewModel.m */; };
		DBFFABF61D20CC3B00461B19 /* YXSearchViewController.m in Sources */ = {isa = PBXBuildFile; fileRef = DBFFABF51D20CC3B00461B19 /* YXSearchViewController.m */; };
		DBFFAC1C1D21043E00461B19 /* IQNSArray+Sort.m in Sources */ = {isa = PBXBuildFile; fileRef = DBFFABFA1D21043E00461B19 /* IQNSArray+Sort.m */; };
		DBFFAC1D1D21043E00461B19 /* IQUIScrollView+Additions.m in Sources */ = {isa = PBXBuildFile; fileRef = DBFFABFC1D21043E00461B19 /* IQUIScrollView+Additions.m */; };
		DBFFAC1E1D21043E00461B19 /* IQUITextFieldView+Additions.m in Sources */ = {isa = PBXBuildFile; fileRef = DBFFABFE1D21043E00461B19 /* IQUITextFieldView+Additions.m */; };
		DBFFAC1F1D21043E00461B19 /* IQUIView+Hierarchy.m in Sources */ = {isa = PBXBuildFile; fileRef = DBFFAC001D21043E00461B19 /* IQUIView+Hierarchy.m */; };
		DBFFAC201D21043E00461B19 /* IQUIViewController+Additions.m in Sources */ = {isa = PBXBuildFile; fileRef = DBFFAC021D21043E00461B19 /* IQUIViewController+Additions.m */; };
		DBFFAC211D21043E00461B19 /* IQUIWindow+Hierarchy.m in Sources */ = {isa = PBXBuildFile; fileRef = DBFFAC041D21043E00461B19 /* IQUIWindow+Hierarchy.m */; };
		DBFFAC221D21043E00461B19 /* IQKeyboardManager.m in Sources */ = {isa = PBXBuildFile; fileRef = DBFFAC091D21043E00461B19 /* IQKeyboardManager.m */; };
		DBFFAC231D21043E00461B19 /* IQKeyboardReturnKeyHandler.m in Sources */ = {isa = PBXBuildFile; fileRef = DBFFAC0B1D21043E00461B19 /* IQKeyboardReturnKeyHandler.m */; };
		DBFFAC241D21043E00461B19 /* IQTextView.m in Sources */ = {isa = PBXBuildFile; fileRef = DBFFAC0E1D21043E00461B19 /* IQTextView.m */; };
		DBFFAC251D21043E00461B19 /* IQBarButtonItem.m in Sources */ = {isa = PBXBuildFile; fileRef = DBFFAC111D21043E00461B19 /* IQBarButtonItem.m */; };
		DBFFAC261D21043E00461B19 /* IQPreviousNextView.m in Sources */ = {isa = PBXBuildFile; fileRef = DBFFAC131D21043E00461B19 /* IQPreviousNextView.m */; };
		DBFFAC271D21043E00461B19 /* IQTitleBarButtonItem.m in Sources */ = {isa = PBXBuildFile; fileRef = DBFFAC151D21043E00461B19 /* IQTitleBarButtonItem.m */; };
		DBFFAC281D21043E00461B19 /* IQToolbar.m in Sources */ = {isa = PBXBuildFile; fileRef = DBFFAC171D21043E00461B19 /* IQToolbar.m */; };
		DBFFAC291D21043E00461B19 /* IQUIView+IQKeyboardToolbar.m in Sources */ = {isa = PBXBuildFile; fileRef = DBFFAC191D21043E00461B19 /* IQUIView+IQKeyboardToolbar.m */; };
		DBFFAC2A1D21043E00461B19 /* IQKeyboardManager.bundle in Resources */ = {isa = PBXBuildFile; fileRef = DBFFAC1B1D21043E00461B19 /* IQKeyboardManager.bundle */; };
		DBFFAC301D2113F900461B19 /* YXLogInViewController.m in Sources */ = {isa = PBXBuildFile; fileRef = DBFFAC2F1D2113F900461B19 /* YXLogInViewController.m */; };
		DBFFAC371D211B4E00461B19 /* YXLogInViewCell.m in Sources */ = {isa = PBXBuildFile; fileRef = DBFFAC361D211B4E00461B19 /* YXLogInViewCell.m */; };
/* End PBXBuildFile section */

/* Begin PBXFileReference section */
		382C11811C7E8CDD00F34BB0 /* AppDelegate+System.h */ = {isa = PBXFileReference; fileEncoding = 4; lastKnownFileType = sourcecode.c.h; path = "AppDelegate+System.h"; sourceTree = "<group>"; };
		382C11821C7E8CDD00F34BB0 /* AppDelegate+System.m */ = {isa = PBXFileReference; fileEncoding = 4; lastKnownFileType = sourcecode.c.objc; path = "AppDelegate+System.m"; sourceTree = "<group>"; };
		382C97681C81D686003D1D51 /* UIView+HUD.h */ = {isa = PBXFileReference; fileEncoding = 4; lastKnownFileType = sourcecode.c.h; path = "UIView+HUD.h"; sourceTree = "<group>"; };
		382C97691C81D686003D1D51 /* UIView+HUD.m */ = {isa = PBXFileReference; fileEncoding = 4; lastKnownFileType = sourcecode.c.objc; path = "UIView+HUD.m"; sourceTree = "<group>"; };
		3851ED221D0F081E0054BDA0 /* RequestPaths.h */ = {isa = PBXFileReference; lastKnownFileType = sourcecode.c.h; path = RequestPaths.h; sourceTree = "<group>"; };
		3851FBDD1D0F0A750054BDA0 /* Info.plist */ = {isa = PBXFileReference; fileEncoding = 4; lastKnownFileType = text.plist.xml; path = Info.plist; sourceTree = "<group>"; };
		3851FBDF1D0F0C110054BDA0 /* TRBaseViewModel.h */ = {isa = PBXFileReference; fileEncoding = 4; lastKnownFileType = sourcecode.c.h; path = TRBaseViewModel.h; sourceTree = "<group>"; };
		3851FBE01D0F0C110054BDA0 /* TRBaseViewModel.m */ = {isa = PBXFileReference; fileEncoding = 4; lastKnownFileType = sourcecode.c.objc; path = TRBaseViewModel.m; sourceTree = "<group>"; };
		386BF9491CBB3C9600BC74F1 /* NSObject+Parse.h */ = {isa = PBXFileReference; fileEncoding = 4; lastKnownFileType = sourcecode.c.h; path = "NSObject+Parse.h"; sourceTree = "<group>"; };
		386BF94A1CBB3C9600BC74F1 /* NSObject+Parse.m */ = {isa = PBXFileReference; fileEncoding = 4; lastKnownFileType = sourcecode.c.objc; path = "NSObject+Parse.m"; sourceTree = "<group>"; };
		386BF94C1CBB3CE200BC74F1 /* NSString+YX.h */ = {isa = PBXFileReference; fileEncoding = 4; lastKnownFileType = sourcecode.c.h; path = "NSString+YX.h"; sourceTree = "<group>"; };
		386BF94D1CBB3CE200BC74F1 /* NSString+YX.m */ = {isa = PBXFileReference; fileEncoding = 4; lastKnownFileType = sourcecode.c.objc; path = "NSString+YX.m"; sourceTree = "<group>"; };
		3899BC971C7D87620032ADEA /* CFNetwork.framework */ = {isa = PBXFileReference; lastKnownFileType = wrapper.framework; name = CFNetwork.framework; path = System/Library/Frameworks/CFNetwork.framework; sourceTree = SDKROOT; };
		38A1A3341C74526C007EEEB7 /* ViewController.h */ = {isa = PBXFileReference; fileEncoding = 4; lastKnownFileType = sourcecode.c.h; path = ViewController.h; sourceTree = "<group>"; };
		38A1A3351C74526C007EEEB7 /* ViewController.m */ = {isa = PBXFileReference; fileEncoding = 4; lastKnownFileType = sourcecode.c.objc; path = ViewController.m; sourceTree = "<group>"; };
		38A1A3381C74527F007EEEB7 /* PrefixHeader.pch */ = {isa = PBXFileReference; lastKnownFileType = sourcecode.c.h; path = PrefixHeader.pch; sourceTree = "<group>"; };
		38A1A33F1C7452F2007EEEB7 /* Constant.h */ = {isa = PBXFileReference; lastKnownFileType = sourcecode.c.h; path = Constant.h; sourceTree = "<group>"; };
		38A1A3401C745317007EEEB7 /* NSObject+AFNetworking.h */ = {isa = PBXFileReference; fileEncoding = 4; lastKnownFileType = sourcecode.c.h; path = "NSObject+AFNetworking.h"; sourceTree = "<group>"; };
		38A1A3411C745317007EEEB7 /* NSObject+AFNetworking.m */ = {isa = PBXFileReference; fileEncoding = 4; lastKnownFileType = sourcecode.c.objc; path = "NSObject+AFNetworking.m"; sourceTree = "<group>"; };
		38A1A3441C745317007EEEB7 /* UIScrollView+Refresh.h */ = {isa = PBXFileReference; fileEncoding = 4; lastKnownFileType = sourcecode.c.h; path = "UIScrollView+Refresh.h"; sourceTree = "<group>"; };
		38A1A3451C745317007EEEB7 /* UIScrollView+Refresh.m */ = {isa = PBXFileReference; fileEncoding = 4; lastKnownFileType = sourcecode.c.objc; path = "UIScrollView+Refresh.m"; sourceTree = "<group>"; };
		38A641F51C8C225D00FCBF96 /* Assets.xcassets */ = {isa = PBXFileReference; lastKnownFileType = folder.assetcatalog; path = Assets.xcassets; sourceTree = "<group>"; };
		38A641F61C8C225D00FCBF96 /* LaunchScreen.storyboard */ = {isa = PBXFileReference; fileEncoding = 4; lastKnownFileType = file.storyboard; path = LaunchScreen.storyboard; sourceTree = "<group>"; };
		38A641F71C8C225D00FCBF96 /* Main.storyboard */ = {isa = PBXFileReference; fileEncoding = 4; lastKnownFileType = file.storyboard; path = Main.storyboard; sourceTree = "<group>"; };
		38ADA3B31C626AAF0093502F /* TRProject.app */ = {isa = PBXFileReference; explicitFileType = wrapper.application; includeInIndex = 0; path = TRProject.app; sourceTree = BUILT_PRODUCTS_DIR; };
		38ADA3B71C626AAF0093502F /* main.m */ = {isa = PBXFileReference; lastKnownFileType = sourcecode.c.objc; path = main.m; sourceTree = "<group>"; };
		38ADA3B91C626AAF0093502F /* AppDelegate.h */ = {isa = PBXFileReference; lastKnownFileType = sourcecode.c.h; path = AppDelegate.h; sourceTree = "<group>"; };
		38ADA3BA1C626AAF0093502F /* AppDelegate.m */ = {isa = PBXFileReference; lastKnownFileType = sourcecode.c.objc; path = AppDelegate.m; sourceTree = "<group>"; };
		3A8F54CE0222A3F4E0D59483 /* libPods-TRProject.a */ = {isa = PBXFileReference; explicitFileType = archive.ar; includeInIndex = 0; path = "libPods-TRProject.a"; sourceTree = BUILT_PRODUCTS_DIR; };
		B6D5968AB9B9E44E939066EA /* Pods-TRProject.release.xcconfig */ = {isa = PBXFileReference; includeInIndex = 1; lastKnownFileType = text.xcconfig; name = "Pods-TRProject.release.xcconfig"; path = "Pods/Target Support Files/Pods-TRProject/Pods-TRProject.release.xcconfig"; sourceTree = "<group>"; };
		DB1A42EE1D1A94F800B4EFFA /* YXRecommendViewController.h */ = {isa = PBXFileReference; fileEncoding = 4; lastKnownFileType = sourcecode.c.h; name = YXRecommendViewController.h; path = ../YXRecommendViewController.h; sourceTree = "<group>"; };
		DB1A42EF1D1A94F800B4EFFA /* YXRecommendViewController.m */ = {isa = PBXFileReference; fileEncoding = 4; lastKnownFileType = sourcecode.c.objc; name = YXRecommendViewController.m; path = ../YXRecommendViewController.m; sourceTree = "<group>"; };
		DB1A42F11D1A959E00B4EFFA /* YXAllListViewController.h */ = {isa = PBXFileReference; fileEncoding = 4; lastKnownFileType = sourcecode.c.h; name = YXAllListViewController.h; path = ../YXAllListViewController.h; sourceTree = "<group>"; };
		DB1A42F21D1A959E00B4EFFA /* YXAllListViewController.m */ = {isa = PBXFileReference; fileEncoding = 4; lastKnownFileType = sourcecode.c.objc; name = YXAllListViewController.m; path = ../YXAllListViewController.m; sourceTree = "<group>"; };
		DB1A42F41D1A95B600B4EFFA /* YXGameListViewController.h */ = {isa = PBXFileReference; fileEncoding = 4; lastKnownFileType = sourcecode.c.h; name = YXGameListViewController.h; path = ../YXGameListViewController.h; sourceTree = "<group>"; };
		DB1A42F51D1A95B600B4EFFA /* YXGameListViewController.m */ = {isa = PBXFileReference; fileEncoding = 4; lastKnownFileType = sourcecode.c.objc; name = YXGameListViewController.m; path = ../YXGameListViewController.m; sourceTree = "<group>"; };
		DB1A43041D1AB8D600B4EFFA /* YXMyPageViewController.h */ = {isa = PBXFileReference; fileEncoding = 4; lastKnownFileType = sourcecode.c.h; name = YXMyPageViewController.h; path = ../YXMyPageViewController.h; sourceTree = "<group>"; };
		DB1A43051D1AB8D600B4EFFA /* YXMyPageViewController.m */ = {isa = PBXFileReference; fileEncoding = 4; lastKnownFileType = sourcecode.c.objc; name = YXMyPageViewController.m; path = ../YXMyPageViewController.m; sourceTree = "<group>"; };
		DB1A43071D1ABC0F00B4EFFA /* YXGameListCell.h */ = {isa = PBXFileReference; fileEncoding = 4; lastKnownFileType = sourcecode.c.h; name = YXGameListCell.h; path = ../YXGameListCell.h; sourceTree = "<group>"; };
		DB1A43081D1ABC0F00B4EFFA /* YXGameListCell.m */ = {isa = PBXFileReference; fileEncoding = 4; lastKnownFileType = sourcecode.c.objc; name = YXGameListCell.m; path = ../YXGameListCell.m; sourceTree = "<group>"; };
		DB1A430A1D1AEE3000B4EFFA /* YXAllListCell.h */ = {isa = PBXFileReference; fileEncoding = 4; lastKnownFileType = sourcecode.c.h; name = YXAllListCell.h; path = ../YXAllListCell.h; sourceTree = "<group>"; };
		DB1A430B1D1AEE3000B4EFFA /* YXAllListCell.m */ = {isa = PBXFileReference; fileEncoding = 4; lastKnownFileType = sourcecode.c.objc; name = YXAllListCell.m; path = ../YXAllListCell.m; sourceTree = "<group>"; };
		DB1A430D1D1AF41D00B4EFFA /* YXAllListTheHeroViewController.h */ = {isa = PBXFileReference; fileEncoding = 4; lastKnownFileType = sourcecode.c.h; name = YXAllListTheHeroViewController.h; path = ../YXAllListTheHeroViewController.h; sourceTree = "<group>"; };
		DB1A430E1D1AF41D00B4EFFA /* YXAllListTheHeroViewController.m */ = {isa = PBXFileReference; fileEncoding = 4; lastKnownFileType = sourcecode.c.objc; name = YXAllListTheHeroViewController.m; path = ../YXAllListTheHeroViewController.m; sourceTree = "<group>"; };
		DB78AF8A1D213420004B8837 /* YXResumeViewController.h */ = {isa = PBXFileReference; fileEncoding = 4; lastKnownFileType = sourcecode.c.h; path = YXResumeViewController.h; sourceTree = "<group>"; };
		DB78AF8B1D213420004B8837 /* YXResumeViewController.m */ = {isa = PBXFileReference; fileEncoding = 4; lastKnownFileType = sourcecode.c.objc; path = YXResumeViewController.m; sourceTree = "<group>"; };
		DB78AF8D1D213614004B8837 /* YXResumeViewCell.h */ = {isa = PBXFileReference; fileEncoding = 4; lastKnownFileType = sourcecode.c.h; path = YXResumeViewCell.h; sourceTree = "<group>"; };
		DB78AF8E1D213614004B8837 /* YXResumeViewCell.m */ = {isa = PBXFileReference; fileEncoding = 4; lastKnownFileType = sourcecode.c.objc; path = YXResumeViewCell.m; sourceTree = "<group>"; };
		DB8FAFE61D194CB4005A0DA0 /* YXRecommendModel.h */ = {isa = PBXFileReference; fileEncoding = 4; lastKnownFileType = sourcecode.c.h; path = YXRecommendModel.h; sourceTree = "<group>"; };
		DB8FAFE71D194CB4005A0DA0 /* YXRecommendModel.m */ = {isa = PBXFileReference; fileEncoding = 4; lastKnownFileType = sourcecode.c.objc; path = YXRecommendModel.m; sourceTree = "<group>"; };
		DB8FAFE91D1981B0005A0DA0 /* YXNetManager.h */ = {isa = PBXFileReference; fileEncoding = 4; lastKnownFileType = sourcecode.c.h; path = YXNetManager.h; sourceTree = "<group>"; };
		DB8FAFEA1D1981B0005A0DA0 /* YXNetManager.m */ = {isa = PBXFileReference; fileEncoding = 4; lastKnownFileType = sourcecode.c.objc; path = YXNetManager.m; sourceTree = "<group>"; };
		DB8FAFEC1D1982A7005A0DA0 /* YXRecommendViewModel.h */ = {isa = PBXFileReference; fileEncoding = 4; lastKnownFileType = sourcecode.c.h; path = YXRecommendViewModel.h; sourceTree = "<group>"; };
		DB8FAFED1D1982A7005A0DA0 /* YXRecommendViewModel.m */ = {isa = PBXFileReference; fileEncoding = 4; lastKnownFileType = sourcecode.c.objc; path = YXRecommendViewModel.m; sourceTree = "<group>"; };
		DB8FAFEF1D198BA9005A0DA0 /* YXDateModel.h */ = {isa = PBXFileReference; fileEncoding = 4; lastKnownFileType = sourcecode.c.h; path = YXDateModel.h; sourceTree = "<group>"; };
		DB8FAFF01D198BA9005A0DA0 /* YXDateModel.m */ = {isa = PBXFileReference; fileEncoding = 4; lastKnownFileType = sourcecode.c.objc; path = YXDateModel.m; sourceTree = "<group>"; };
		DB8FAFF21D198DB3005A0DA0 /* YXGameListModel.h */ = {isa = PBXFileReference; fileEncoding = 4; lastKnownFileType = sourcecode.c.h; path = YXGameListModel.h; sourceTree = "<group>"; };
		DB8FAFF31D198DB3005A0DA0 /* YXGameListModel.m */ = {isa = PBXFileReference; fileEncoding = 4; lastKnownFileType = sourcecode.c.objc; path = YXGameListModel.m; sourceTree = "<group>"; };
		DB8FAFF51D19901A005A0DA0 /* YXGameListViewModel.h */ = {isa = PBXFileReference; fileEncoding = 4; lastKnownFileType = sourcecode.c.h; path = YXGameListViewModel.h; sourceTree = "<group>"; };
		DB8FAFF61D19901A005A0DA0 /* YXGameListViewModel.m */ = {isa = PBXFileReference; fileEncoding = 4; lastKnownFileType = sourcecode.c.objc; path = YXGameListViewModel.m; sourceTree = "<group>"; };
		DB8FAFF81D1992F0005A0DA0 /* YXTheGameModel.h */ = {isa = PBXFileReference; fileEncoding = 4; lastKnownFileType = sourcecode.c.h; path = YXTheGameModel.h; sourceTree = "<group>"; };
		DB8FAFF91D1992F0005A0DA0 /* YXTheGameModel.m */ = {isa = PBXFileReference; fileEncoding = 4; lastKnownFileType = sourcecode.c.objc; path = YXTheGameModel.m; sourceTree = "<group>"; };
		DB8FAFFB1D1995B0005A0DA0 /* YXTheGameViewModel.h */ = {isa = PBXFileReference; fileEncoding = 4; lastKnownFileType = sourcecode.c.h; path = YXTheGameViewModel.h; sourceTree = "<group>"; };
		DB8FAFFC1D1995B0005A0DA0 /* YXTheGameViewModel.m */ = {isa = PBXFileReference; fileEncoding = 4; lastKnownFileType = sourcecode.c.objc; path = YXTheGameViewModel.m; sourceTree = "<group>"; };
		DB8FAFFE1D19972E005A0DA0 /* YXAllListModel.h */ = {isa = PBXFileReference; fileEncoding = 4; lastKnownFileType = sourcecode.c.h; path = YXAllListModel.h; sourceTree = "<group>"; };
		DB8FAFFF1D19972E005A0DA0 /* YXAllListModel.m */ = {isa = PBXFileReference; fileEncoding = 4; lastKnownFileType = sourcecode.c.objc; path = YXAllListModel.m; sourceTree = "<group>"; };
		DB8FB0011D1998D4005A0DA0 /* YXAllListViewModel.h */ = {isa = PBXFileReference; fileEncoding = 4; lastKnownFileType = sourcecode.c.h; path = YXAllListViewModel.h; sourceTree = "<group>"; };
		DB8FB0021D1998D4005A0DA0 /* YXAllListViewModel.m */ = {isa = PBXFileReference; fileEncoding = 4; lastKnownFileType = sourcecode.c.objc; path = YXAllListViewModel.m; sourceTree = "<group>"; };
		DBC0F8701D1BFC8800CE9403 /* YXRecommendHeaderView.h */ = {isa = PBXFileReference; fileEncoding = 4; lastKnownFileType = sourcecode.c.h; name = YXRecommendHeaderView.h; path = ../YXRecommendHeaderView.h; sourceTree = "<group>"; };
		DBC0F8711D1BFC8800CE9403 /* YXRecommendHeaderView.m */ = {isa = PBXFileReference; fileEncoding = 4; lastKnownFileType = sourcecode.c.objc; name = YXRecommendHeaderView.m; path = ../YXRecommendHeaderView.m; sourceTree = "<group>"; };
		DBFFABE51D1FB42000461B19 /* YXSectionHeaderView.h */ = {isa = PBXFileReference; fileEncoding = 4; lastKnownFileType = sourcecode.c.h; name = YXSectionHeaderView.h; path = ../YXSectionHeaderView.h; sourceTree = "<group>"; };
		DBFFABE61D1FB42000461B19 /* YXSectionHeaderView.m */ = {isa = PBXFileReference; fileEncoding = 4; lastKnownFileType = sourcecode.c.objc; name = YXSectionHeaderView.m; path = ../YXSectionHeaderView.m; sourceTree = "<group>"; };
		DBFFABE81D1FDC9300461B19 /* YXMidCell.h */ = {isa = PBXFileReference; fileEncoding = 4; lastKnownFileType = sourcecode.c.h; name = YXMidCell.h; path = ../YXMidCell.h; sourceTree = "<group>"; };
		DBFFABE91D1FDC9300461B19 /* YXMidCell.m */ = {isa = PBXFileReference; fileEncoding = 4; lastKnownFileType = sourcecode.c.objc; name = YXMidCell.m; path = ../YXMidCell.m; sourceTree = "<group>"; };
		DBFFABED1D20BF2B00461B19 /* YXSearchModel.h */ = {isa = PBXFileReference; fileEncoding = 4; lastKnownFileType = sourcecode.c.h; path = YXSearchModel.h; sourceTree = "<group>"; };
		DBFFABEE1D20BF2B00461B19 /* YXSearchModel.m */ = {isa = PBXFileReference; fileEncoding = 4; lastKnownFileType = sourcecode.c.objc; path = YXSearchModel.m; sourceTree = "<group>"; };
		DBFFABF01D20C3D500461B19 /* YXSearchViewModel.h */ = {isa = PBXFileReference; fileEncoding = 4; lastKnownFileType = sourcecode.c.h; path = YXSearchViewModel.h; sourceTree = "<group>"; };
		DBFFABF11D20C3D500461B19 /* YXSearchViewModel.m */ = {isa = PBXFileReference; fileEncoding = 4; lastKnownFileType = sourcecode.c.objc; path = YXSearchViewModel.m; sourceTree = "<group>"; };
		DBFFABF41D20CC3B00461B19 /* YXSearchViewController.h */ = {isa = PBXFileReference; fileEncoding = 4; lastKnownFileType = sourcecode.c.h; path = YXSearchViewController.h; sourceTree = "<group>"; };
		DBFFABF51D20CC3B00461B19 /* YXSearchViewController.m */ = {isa = PBXFileReference; fileEncoding = 4; lastKnownFileType = sourcecode.c.objc; path = YXSearchViewController.m; sourceTree = "<group>"; };
		DBFFABF91D21043E00461B19 /* IQNSArray+Sort.h */ = {isa = PBXFileReference; fileEncoding = 4; lastKnownFileType = sourcecode.c.h; path = "IQNSArray+Sort.h"; sourceTree = "<group>"; };
		DBFFABFA1D21043E00461B19 /* IQNSArray+Sort.m */ = {isa = PBXFileReference; fileEncoding = 4; lastKnownFileType = sourcecode.c.objc; path = "IQNSArray+Sort.m"; sourceTree = "<group>"; };
		DBFFABFB1D21043E00461B19 /* IQUIScrollView+Additions.h */ = {isa = PBXFileReference; fileEncoding = 4; lastKnownFileType = sourcecode.c.h; path = "IQUIScrollView+Additions.h"; sourceTree = "<group>"; };
		DBFFABFC1D21043E00461B19 /* IQUIScrollView+Additions.m */ = {isa = PBXFileReference; fileEncoding = 4; lastKnownFileType = sourcecode.c.objc; path = "IQUIScrollView+Additions.m"; sourceTree = "<group>"; };
		DBFFABFD1D21043E00461B19 /* IQUITextFieldView+Additions.h */ = {isa = PBXFileReference; fileEncoding = 4; lastKnownFileType = sourcecode.c.h; path = "IQUITextFieldView+Additions.h"; sourceTree = "<group>"; };
		DBFFABFE1D21043E00461B19 /* IQUITextFieldView+Additions.m */ = {isa = PBXFileReference; fileEncoding = 4; lastKnownFileType = sourcecode.c.objc; path = "IQUITextFieldView+Additions.m"; sourceTree = "<group>"; };
		DBFFABFF1D21043E00461B19 /* IQUIView+Hierarchy.h */ = {isa = PBXFileReference; fileEncoding = 4; lastKnownFileType = sourcecode.c.h; path = "IQUIView+Hierarchy.h"; sourceTree = "<group>"; };
		DBFFAC001D21043E00461B19 /* IQUIView+Hierarchy.m */ = {isa = PBXFileReference; fileEncoding = 4; lastKnownFileType = sourcecode.c.objc; path = "IQUIView+Hierarchy.m"; sourceTree = "<group>"; };
		DBFFAC011D21043E00461B19 /* IQUIViewController+Additions.h */ = {isa = PBXFileReference; fileEncoding = 4; lastKnownFileType = sourcecode.c.h; path = "IQUIViewController+Additions.h"; sourceTree = "<group>"; };
		DBFFAC021D21043E00461B19 /* IQUIViewController+Additions.m */ = {isa = PBXFileReference; fileEncoding = 4; lastKnownFileType = sourcecode.c.objc; path = "IQUIViewController+Additions.m"; sourceTree = "<group>"; };
		DBFFAC031D21043E00461B19 /* IQUIWindow+Hierarchy.h */ = {isa = PBXFileReference; fileEncoding = 4; lastKnownFileType = sourcecode.c.h; path = "IQUIWindow+Hierarchy.h"; sourceTree = "<group>"; };
		DBFFAC041D21043E00461B19 /* IQUIWindow+Hierarchy.m */ = {isa = PBXFileReference; fileEncoding = 4; lastKnownFileType = sourcecode.c.objc; path = "IQUIWindow+Hierarchy.m"; sourceTree = "<group>"; };
		DBFFAC061D21043E00461B19 /* IQKeyboardManagerConstants.h */ = {isa = PBXFileReference; fileEncoding = 4; lastKnownFileType = sourcecode.c.h; path = IQKeyboardManagerConstants.h; sourceTree = "<group>"; };
		DBFFAC071D21043E00461B19 /* IQKeyboardManagerConstantsInternal.h */ = {isa = PBXFileReference; fileEncoding = 4; lastKnownFileType = sourcecode.c.h; path = IQKeyboardManagerConstantsInternal.h; sourceTree = "<group>"; };
		DBFFAC081D21043E00461B19 /* IQKeyboardManager.h */ = {isa = PBXFileReference; fileEncoding = 4; lastKnownFileType = sourcecode.c.h; path = IQKeyboardManager.h; sourceTree = "<group>"; };
		DBFFAC091D21043E00461B19 /* IQKeyboardManager.m */ = {isa = PBXFileReference; fileEncoding = 4; lastKnownFileType = sourcecode.c.objc; path = IQKeyboardManager.m; sourceTree = "<group>"; };
		DBFFAC0A1D21043E00461B19 /* IQKeyboardReturnKeyHandler.h */ = {isa = PBXFileReference; fileEncoding = 4; lastKnownFileType = sourcecode.c.h; path = IQKeyboardReturnKeyHandler.h; sourceTree = "<group>"; };
		DBFFAC0B1D21043E00461B19 /* IQKeyboardReturnKeyHandler.m */ = {isa = PBXFileReference; fileEncoding = 4; lastKnownFileType = sourcecode.c.objc; path = IQKeyboardReturnKeyHandler.m; sourceTree = "<group>"; };
		DBFFAC0D1D21043E00461B19 /* IQTextView.h */ = {isa = PBXFileReference; fileEncoding = 4; lastKnownFileType = sourcecode.c.h; path = IQTextView.h; sourceTree = "<group>"; };
		DBFFAC0E1D21043E00461B19 /* IQTextView.m */ = {isa = PBXFileReference; fileEncoding = 4; lastKnownFileType = sourcecode.c.objc; path = IQTextView.m; sourceTree = "<group>"; };
		DBFFAC101D21043E00461B19 /* IQBarButtonItem.h */ = {isa = PBXFileReference; fileEncoding = 4; lastKnownFileType = sourcecode.c.h; path = IQBarButtonItem.h; sourceTree = "<group>"; };
		DBFFAC111D21043E00461B19 /* IQBarButtonItem.m */ = {isa = PBXFileReference; fileEncoding = 4; lastKnownFileType = sourcecode.c.objc; path = IQBarButtonItem.m; sourceTree = "<group>"; };
		DBFFAC121D21043E00461B19 /* IQPreviousNextView.h */ = {isa = PBXFileReference; fileEncoding = 4; lastKnownFileType = sourcecode.c.h; path = IQPreviousNextView.h; sourceTree = "<group>"; };
		DBFFAC131D21043E00461B19 /* IQPreviousNextView.m */ = {isa = PBXFileReference; fileEncoding = 4; lastKnownFileType = sourcecode.c.objc; path = IQPreviousNextView.m; sourceTree = "<group>"; };
		DBFFAC141D21043E00461B19 /* IQTitleBarButtonItem.h */ = {isa = PBXFileReference; fileEncoding = 4; lastKnownFileType = sourcecode.c.h; path = IQTitleBarButtonItem.h; sourceTree = "<group>"; };
		DBFFAC151D21043E00461B19 /* IQTitleBarButtonItem.m */ = {isa = PBXFileReference; fileEncoding = 4; lastKnownFileType = sourcecode.c.objc; path = IQTitleBarButtonItem.m; sourceTree = "<group>"; };
		DBFFAC161D21043E00461B19 /* IQToolbar.h */ = {isa = PBXFileReference; fileEncoding = 4; lastKnownFileType = sourcecode.c.h; path = IQToolbar.h; sourceTree = "<group>"; };
		DBFFAC171D21043E00461B19 /* IQToolbar.m */ = {isa = PBXFileReference; fileEncoding = 4; lastKnownFileType = sourcecode.c.objc; path = IQToolbar.m; sourceTree = "<group>"; };
		DBFFAC181D21043E00461B19 /* IQUIView+IQKeyboardToolbar.h */ = {isa = PBXFileReference; fileEncoding = 4; lastKnownFileType = sourcecode.c.h; path = "IQUIView+IQKeyboardToolbar.h"; sourceTree = "<group>"; };
		DBFFAC191D21043E00461B19 /* IQUIView+IQKeyboardToolbar.m */ = {isa = PBXFileReference; fileEncoding = 4; lastKnownFileType = sourcecode.c.objc; path = "IQUIView+IQKeyboardToolbar.m"; sourceTree = "<group>"; };
		DBFFAC1B1D21043E00461B19 /* IQKeyboardManager.bundle */ = {isa = PBXFileReference; lastKnownFileType = "wrapper.plug-in"; path = IQKeyboardManager.bundle; sourceTree = "<group>"; };
		DBFFAC2E1D2113F900461B19 /* YXLogInViewController.h */ = {isa = PBXFileReference; fileEncoding = 4; lastKnownFileType = sourcecode.c.h; path = YXLogInViewController.h; sourceTree = "<group>"; };
		DBFFAC2F1D2113F900461B19 /* YXLogInViewController.m */ = {isa = PBXFileReference; fileEncoding = 4; lastKnownFileType = sourcecode.c.objc; path = YXLogInViewController.m; sourceTree = "<group>"; };
		DBFFAC351D211B4E00461B19 /* YXLogInViewCell.h */ = {isa = PBXFileReference; fileEncoding = 4; lastKnownFileType = sourcecode.c.h; path = YXLogInViewCell.h; sourceTree = "<group>"; };
		DBFFAC361D211B4E00461B19 /* YXLogInViewCell.m */ = {isa = PBXFileReference; fileEncoding = 4; lastKnownFileType = sourcecode.c.objc; path = YXLogInViewCell.m; sourceTree = "<group>"; };
		DDE25EAEFBF2DF6DBEDAD90D /* Pods-TRProject.debug.xcconfig */ = {isa = PBXFileReference; includeInIndex = 1; lastKnownFileType = text.xcconfig; name = "Pods-TRProject.debug.xcconfig"; path = "Pods/Target Support Files/Pods-TRProject/Pods-TRProject.debug.xcconfig"; sourceTree = "<group>"; };
/* End PBXFileReference section */

/* Begin PBXFrameworksBuildPhase section */
		38ADA3B01C626AAF0093502F /* Frameworks */ = {
			isa = PBXFrameworksBuildPhase;
			buildActionMask = 2147483647;
			files = (
				3899BC981C7D87620032ADEA /* CFNetwork.framework in Frameworks */,
				0E67ABAA1424CA70AE73070B /* libPods-TRProject.a in Frameworks */,
			);
			runOnlyForDeploymentPostprocessing = 0;
		};
/* End PBXFrameworksBuildPhase section */

/* Begin PBXGroup section */
		1EE8CE2B24728B6AC62D7B52 /* Pods */ = {
			isa = PBXGroup;
			children = (
				DDE25EAEFBF2DF6DBEDAD90D /* Pods-TRProject.debug.xcconfig */,
				B6D5968AB9B9E44E939066EA /* Pods-TRProject.release.xcconfig */,
			);
			name = Pods;
			sourceTree = "<group>";
		};
		38A1A32B1C74526C007EEEB7 /* Category */ = {
			isa = PBXGroup;
			children = (
				386BF94C1CBB3CE200BC74F1 /* NSString+YX.h */,
				386BF94D1CBB3CE200BC74F1 /* NSString+YX.m */,
				386BF9491CBB3C9600BC74F1 /* NSObject+Parse.h */,
				386BF94A1CBB3C9600BC74F1 /* NSObject+Parse.m */,
				38A1A3401C745317007EEEB7 /* NSObject+AFNetworking.h */,
				38A1A3411C745317007EEEB7 /* NSObject+AFNetworking.m */,
				38A1A3441C745317007EEEB7 /* UIScrollView+Refresh.h */,
				38A1A3451C745317007EEEB7 /* UIScrollView+Refresh.m */,
				382C11811C7E8CDD00F34BB0 /* AppDelegate+System.h */,
				382C11821C7E8CDD00F34BB0 /* AppDelegate+System.m */,
				382C97681C81D686003D1D51 /* UIView+HUD.h */,
				382C97691C81D686003D1D51 /* UIView+HUD.m */,
			);
			path = Category;
			sourceTree = "<group>";
		};
		38A1A32C1C74526C007EEEB7 /* Define */ = {
			isa = PBXGroup;
			children = (
				38A1A33F1C7452F2007EEEB7 /* Constant.h */,
				3851ED221D0F081E0054BDA0 /* RequestPaths.h */,
			);
			path = Define;
			sourceTree = "<group>";
		};
		38A1A32D1C74526C007EEEB7 /* Model */ = {
			isa = PBXGroup;
			children = (
				DB8FAFEF1D198BA9005A0DA0 /* YXDateModel.h */,
				DB8FAFF01D198BA9005A0DA0 /* YXDateModel.m */,
				DB8FAFE61D194CB4005A0DA0 /* YXRecommendModel.h */,
				DB8FAFE71D194CB4005A0DA0 /* YXRecommendModel.m */,
				DB8FAFF21D198DB3005A0DA0 /* YXGameListModel.h */,
				DB8FAFF31D198DB3005A0DA0 /* YXGameListModel.m */,
				DB8FAFF81D1992F0005A0DA0 /* YXTheGameModel.h */,
				DB8FAFF91D1992F0005A0DA0 /* YXTheGameModel.m */,
				DB8FAFFE1D19972E005A0DA0 /* YXAllListModel.h */,
				DB8FAFFF1D19972E005A0DA0 /* YXAllListModel.m */,
				DBFFABED1D20BF2B00461B19 /* YXSearchModel.h */,
				DBFFABEE1D20BF2B00461B19 /* YXSearchModel.m */,
			);
			path = Model;
			sourceTree = "<group>";
		};
		38A1A32E1C74526C007EEEB7 /* NetManager */ = {
			isa = PBXGroup;
			children = (
				DB8FAFE91D1981B0005A0DA0 /* YXNetManager.h */,
				DB8FAFEA1D1981B0005A0DA0 /* YXNetManager.m */,
			);
			path = NetManager;
			sourceTree = "<group>";
		};
		38A1A32F1C74526C007EEEB7 /* Resource */ = {
			isa = PBXGroup;
			children = (
				38A641F51C8C225D00FCBF96 /* Assets.xcassets */,
				38A641F61C8C225D00FCBF96 /* LaunchScreen.storyboard */,
				38A641F71C8C225D00FCBF96 /* Main.storyboard */,
			);
			path = Resource;
			sourceTree = "<group>";
		};
		38A1A3301C74526C007EEEB7 /* Tool */ = {
			isa = PBXGroup;
			children = (
			);
			path = Tool;
			sourceTree = "<group>";
		};
		38A1A3311C74526C007EEEB7 /* Vendor */ = {
			isa = PBXGroup;
			children = (
				DBFFABF71D21043E00461B19 /* IQKeyboardManager */,
			);
			path = Vendor;
			sourceTree = "<group>";
		};
		38A1A3321C74526C007EEEB7 /* View */ = {
			isa = PBXGroup;
			children = (
				DBFFAC341D21191700461B19 /* FourthBarCell */,
				DBFFAC311D21187F00461B19 /* OnlineCell */,
				DBFFAC321D21187F00461B19 /* RecommendCell */,
				DBFFAC331D21187F00461B19 /* SecondBarCell */,
			);
			path = View;
			sourceTree = "<group>";
		};
		38A1A3331C74526C007EEEB7 /* ViewController */ = {
			isa = PBXGroup;
			children = (
				38A1A3341C74526C007EEEB7 /* ViewController.h */,
				38A1A3351C74526C007EEEB7 /* ViewController.m */,
				DBC0F7291D1B6A0B00CE9403 /* FirstBar */,
				DBC0F72A1D1B6A0B00CE9403 /* FourBar */,
				DBC0F72B1D1B6A0B00CE9403 /* SecondBar */,
				DBC0F72C1D1B6A0B00CE9403 /* ThirdBar */,
				DBFFABF31D20CB2500461B19 /* SearchViewController */,
			);
			path = ViewController;
			sourceTree = "<group>";
		};
		38A1A3361C74526C007EEEB7 /* ViewModel */ = {
			isa = PBXGroup;
			children = (
				3851FBDF1D0F0C110054BDA0 /* TRBaseViewModel.h */,
				3851FBE01D0F0C110054BDA0 /* TRBaseViewModel.m */,
				DB8FAFFB1D1995B0005A0DA0 /* YXTheGameViewModel.h */,
				DB8FAFFC1D1995B0005A0DA0 /* YXTheGameViewModel.m */,
				DB8FAFF51D19901A005A0DA0 /* YXGameListViewModel.h */,
				DB8FAFF61D19901A005A0DA0 /* YXGameListViewModel.m */,
				DB8FAFEC1D1982A7005A0DA0 /* YXRecommendViewModel.h */,
				DB8FAFED1D1982A7005A0DA0 /* YXRecommendViewModel.m */,
				DB8FB0011D1998D4005A0DA0 /* YXAllListViewModel.h */,
				DB8FB0021D1998D4005A0DA0 /* YXAllListViewModel.m */,
				DBFFABF01D20C3D500461B19 /* YXSearchViewModel.h */,
				DBFFABF11D20C3D500461B19 /* YXSearchViewModel.m */,
			);
			path = ViewModel;
			sourceTree = "<group>";
		};
		38ADA3AA1C626AAF0093502F = {
			isa = PBXGroup;
			children = (
				38ADA3B51C626AAF0093502F /* TRProject */,
				38ADA3B41C626AAF0093502F /* Products */,
				CA5127F42421C94949953D16 /* Frameworks */,
				1EE8CE2B24728B6AC62D7B52 /* Pods */,
			);
			sourceTree = "<group>";
		};
		38ADA3B41C626AAF0093502F /* Products */ = {
			isa = PBXGroup;
			children = (
				38ADA3B31C626AAF0093502F /* TRProject.app */,
			);
			name = Products;
			sourceTree = "<group>";
		};
		38ADA3B51C626AAF0093502F /* TRProject */ = {
			isa = PBXGroup;
			children = (
				38ADA3B91C626AAF0093502F /* AppDelegate.h */,
				38ADA3BA1C626AAF0093502F /* AppDelegate.m */,
				38A1A32B1C74526C007EEEB7 /* Category */,
				38A1A32C1C74526C007EEEB7 /* Define */,
				38A1A32D1C74526C007EEEB7 /* Model */,
				38A1A32E1C74526C007EEEB7 /* NetManager */,
				38A1A32F1C74526C007EEEB7 /* Resource */,
				38A1A3301C74526C007EEEB7 /* Tool */,
				38A1A3311C74526C007EEEB7 /* Vendor */,
				38A1A3321C74526C007EEEB7 /* View */,
				38A1A3331C74526C007EEEB7 /* ViewController */,
				38A1A3361C74526C007EEEB7 /* ViewModel */,
				38ADA3B61C626AAF0093502F /* Supporting Files */,
			);
			path = TRProject;
			sourceTree = "<group>";
		};
		38ADA3B61C626AAF0093502F /* Supporting Files */ = {
			isa = PBXGroup;
			children = (
				38ADA3B71C626AAF0093502F /* main.m */,
				38A1A3381C74527F007EEEB7 /* PrefixHeader.pch */,
				3851FBDD1D0F0A750054BDA0 /* Info.plist */,
			);
			name = "Supporting Files";
			sourceTree = "<group>";
		};
		CA5127F42421C94949953D16 /* Frameworks */ = {
			isa = PBXGroup;
			children = (
				3899BC971C7D87620032ADEA /* CFNetwork.framework */,
				3A8F54CE0222A3F4E0D59483 /* libPods-TRProject.a */,
			);
			name = Frameworks;
			sourceTree = "<group>";
		};
		DBC0F7291D1B6A0B00CE9403 /* FirstBar */ = {
			isa = PBXGroup;
			children = (
				DB1A42EE1D1A94F800B4EFFA /* YXRecommendViewController.h */,
				DB1A42EF1D1A94F800B4EFFA /* YXRecommendViewController.m */,
			);
			path = FirstBar;
			sourceTree = "<group>";
		};
		DBC0F72A1D1B6A0B00CE9403 /* FourBar */ = {
			isa = PBXGroup;
			children = (
				DB1A43041D1AB8D600B4EFFA /* YXMyPageViewController.h */,
				DB1A43051D1AB8D600B4EFFA /* YXMyPageViewController.m */,
				DBFFAC2E1D2113F900461B19 /* YXLogInViewController.h */,
				DBFFAC2F1D2113F900461B19 /* YXLogInViewController.m */,
				DB78AF8A1D213420004B8837 /* YXResumeViewController.h */,
				DB78AF8B1D213420004B8837 /* YXResumeViewController.m */,
			);
			path = FourBar;
			sourceTree = "<group>";
		};
		DBC0F72B1D1B6A0B00CE9403 /* SecondBar */ = {
			isa = PBXGroup;
			children = (
				DB1A42F11D1A959E00B4EFFA /* YXAllListViewController.h */,
				DB1A42F21D1A959E00B4EFFA /* YXAllListViewController.m */,
				DB1A430D1D1AF41D00B4EFFA /* YXAllListTheHeroViewController.h */,
				DB1A430E1D1AF41D00B4EFFA /* YXAllListTheHeroViewController.m */,
			);
			path = SecondBar;
			sourceTree = "<group>";
		};
		DBC0F72C1D1B6A0B00CE9403 /* ThirdBar */ = {
			isa = PBXGroup;
			children = (
				DB1A42F41D1A95B600B4EFFA /* YXGameListViewController.h */,
				DB1A42F51D1A95B600B4EFFA /* YXGameListViewController.m */,
			);
			path = ThirdBar;
			sourceTree = "<group>";
		};
		DBFFABF31D20CB2500461B19 /* SearchViewController */ = {
			isa = PBXGroup;
			children = (
				DBFFABF41D20CC3B00461B19 /* YXSearchViewController.h */,
				DBFFABF51D20CC3B00461B19 /* YXSearchViewController.m */,
			);
			path = SearchViewController;
			sourceTree = "<group>";
		};
		DBFFABF71D21043E00461B19 /* IQKeyboardManager */ = {
			isa = PBXGroup;
			children = (
				DBFFABF81D21043E00461B19 /* Categories */,
				DBFFAC051D21043E00461B19 /* Constants */,
				DBFFAC081D21043E00461B19 /* IQKeyboardManager.h */,
				DBFFAC091D21043E00461B19 /* IQKeyboardManager.m */,
				DBFFAC0A1D21043E00461B19 /* IQKeyboardReturnKeyHandler.h */,
				DBFFAC0B1D21043E00461B19 /* IQKeyboardReturnKeyHandler.m */,
				DBFFAC0C1D21043E00461B19 /* IQTextView */,
				DBFFAC0F1D21043E00461B19 /* IQToolbar */,
				DBFFAC1A1D21043E00461B19 /* Resources */,
			);
			path = IQKeyboardManager;
			sourceTree = "<group>";
		};
		DBFFABF81D21043E00461B19 /* Categories */ = {
			isa = PBXGroup;
			children = (
				DBFFABF91D21043E00461B19 /* IQNSArray+Sort.h */,
				DBFFABFA1D21043E00461B19 /* IQNSArray+Sort.m */,
				DBFFABFB1D21043E00461B19 /* IQUIScrollView+Additions.h */,
				DBFFABFC1D21043E00461B19 /* IQUIScrollView+Additions.m */,
				DBFFABFD1D21043E00461B19 /* IQUITextFieldView+Additions.h */,
				DBFFABFE1D21043E00461B19 /* IQUITextFieldView+Additions.m */,
				DBFFABFF1D21043E00461B19 /* IQUIView+Hierarchy.h */,
				DBFFAC001D21043E00461B19 /* IQUIView+Hierarchy.m */,
				DBFFAC011D21043E00461B19 /* IQUIViewController+Additions.h */,
				DBFFAC021D21043E00461B19 /* IQUIViewController+Additions.m */,
				DBFFAC031D21043E00461B19 /* IQUIWindow+Hierarchy.h */,
				DBFFAC041D21043E00461B19 /* IQUIWindow+Hierarchy.m */,
			);
			path = Categories;
			sourceTree = "<group>";
		};
		DBFFAC051D21043E00461B19 /* Constants */ = {
			isa = PBXGroup;
			children = (
				DBFFAC061D21043E00461B19 /* IQKeyboardManagerConstants.h */,
				DBFFAC071D21043E00461B19 /* IQKeyboardManagerConstantsInternal.h */,
			);
			path = Constants;
			sourceTree = "<group>";
		};
		DBFFAC0C1D21043E00461B19 /* IQTextView */ = {
			isa = PBXGroup;
			children = (
				DBFFAC0D1D21043E00461B19 /* IQTextView.h */,
				DBFFAC0E1D21043E00461B19 /* IQTextView.m */,
			);
			path = IQTextView;
			sourceTree = "<group>";
		};
		DBFFAC0F1D21043E00461B19 /* IQToolbar */ = {
			isa = PBXGroup;
			children = (
				DBFFAC101D21043E00461B19 /* IQBarButtonItem.h */,
				DBFFAC111D21043E00461B19 /* IQBarButtonItem.m */,
				DBFFAC121D21043E00461B19 /* IQPreviousNextView.h */,
				DBFFAC131D21043E00461B19 /* IQPreviousNextView.m */,
				DBFFAC141D21043E00461B19 /* IQTitleBarButtonItem.h */,
				DBFFAC151D21043E00461B19 /* IQTitleBarButtonItem.m */,
				DBFFAC161D21043E00461B19 /* IQToolbar.h */,
				DBFFAC171D21043E00461B19 /* IQToolbar.m */,
				DBFFAC181D21043E00461B19 /* IQUIView+IQKeyboardToolbar.h */,
				DBFFAC191D21043E00461B19 /* IQUIView+IQKeyboardToolbar.m */,
			);
			path = IQToolbar;
			sourceTree = "<group>";
		};
		DBFFAC1A1D21043E00461B19 /* Resources */ = {
			isa = PBXGroup;
			children = (
				DBFFAC1B1D21043E00461B19 /* IQKeyboardManager.bundle */,
			);
			path = Resources;
			sourceTree = "<group>";
		};
		DBFFAC311D21187F00461B19 /* OnlineCell */ = {
			isa = PBXGroup;
			children = (
				DB1A43071D1ABC0F00B4EFFA /* YXGameListCell.h */,
				DB1A43081D1ABC0F00B4EFFA /* YXGameListCell.m */,
			);
			path = OnlineCell;
			sourceTree = "<group>";
		};
		DBFFAC321D21187F00461B19 /* RecommendCell */ = {
			isa = PBXGroup;
			children = (
				DBFFABE81D1FDC9300461B19 /* YXMidCell.h */,
				DBFFABE91D1FDC9300461B19 /* YXMidCell.m */,
				DBC0F8701D1BFC8800CE9403 /* YXRecommendHeaderView.h */,
				DBC0F8711D1BFC8800CE9403 /* YXRecommendHeaderView.m */,
				DBFFABE51D1FB42000461B19 /* YXSectionHeaderView.h */,
				DBFFABE61D1FB42000461B19 /* YXSectionHeaderView.m */,
			);
			path = RecommendCell;
			sourceTree = "<group>";
		};
		DBFFAC331D21187F00461B19 /* SecondBarCell */ = {
			isa = PBXGroup;
			children = (
				DB1A430A1D1AEE3000B4EFFA /* YXAllListCell.h */,
				DB1A430B1D1AEE3000B4EFFA /* YXAllListCell.m */,
			);
			path = SecondBarCell;
			sourceTree = "<group>";
		};
		DBFFAC341D21191700461B19 /* FourthBarCell */ = {
			isa = PBXGroup;
			children = (
				DBFFAC351D211B4E00461B19 /* YXLogInViewCell.h */,
				DBFFAC361D211B4E00461B19 /* YXLogInViewCell.m */,
				DB78AF8D1D213614004B8837 /* YXResumeViewCell.h */,
				DB78AF8E1D213614004B8837 /* YXResumeViewCell.m */,
			);
			path = FourthBarCell;
			sourceTree = "<group>";
		};
/* End PBXGroup section */

/* Begin PBXNativeTarget section */
		38ADA3B21C626AAF0093502F /* TRProject */ = {
			isa = PBXNativeTarget;
			buildConfigurationList = 38ADA3CA1C626AAF0093502F /* Build configuration list for PBXNativeTarget "TRProject" */;
			buildPhases = (
				9AC22D19577D1A819F2A9A79 /* [CP] Check Pods Manifest.lock */,
				38ADA3AF1C626AAF0093502F /* Sources */,
				38ADA3B01C626AAF0093502F /* Frameworks */,
				38ADA3B11C626AAF0093502F /* Resources */,
				B95EF87E57D3B433C0342E7F /* [CP] Embed Pods Frameworks */,
				4995A36D08D03708F65CDB4F /* [CP] Copy Pods Resources */,
			);
			buildRules = (
			);
			dependencies = (
			);
			name = TRProject;
			productName = TRProject;
			productReference = 38ADA3B31C626AAF0093502F /* TRProject.app */;
			productType = "com.apple.product-type.application";
		};
/* End PBXNativeTarget section */

/* Begin PBXProject section */
		38ADA3AB1C626AAF0093502F /* Project object */ = {
			isa = PBXProject;
			attributes = {
				CLASSPREFIX = YX;
				LastUpgradeCheck = 0730;
				ORGANIZATIONNAME = Tarena;
				TargetAttributes = {
					38ADA3B21C626AAF0093502F = {
						CreatedOnToolsVersion = 7.2;
						DevelopmentTeam = Q4A4E5KTY4;
					};
				};
			};
			buildConfigurationList = 38ADA3AE1C626AAF0093502F /* Build configuration list for PBXProject "TRProject" */;
			compatibilityVersion = "Xcode 3.2";
			developmentRegion = English;
			hasScannedForEncodings = 0;
			knownRegions = (
				en,
				"zh-Hans",
			);
			mainGroup = 38ADA3AA1C626AAF0093502F;
			productRefGroup = 38ADA3B41C626AAF0093502F /* Products */;
			projectDirPath = "";
			projectRoot = "";
			targets = (
				38ADA3B21C626AAF0093502F /* TRProject */,
			);
		};
/* End PBXProject section */

/* Begin PBXResourcesBuildPhase section */
		38ADA3B11C626AAF0093502F /* Resources */ = {
			isa = PBXResourcesBuildPhase;
			buildActionMask = 2147483647;
			files = (
				DBFFAC2A1D21043E00461B19 /* IQKeyboardManager.bundle in Resources */,
				38A641F91C8C225D00FCBF96 /* LaunchScreen.storyboard in Resources */,
				38A641F81C8C225D00FCBF96 /* Assets.xcassets in Resources */,
				38A641FA1C8C225D00FCBF96 /* Main.storyboard in Resources */,
			);
			runOnlyForDeploymentPostprocessing = 0;
		};
/* End PBXResourcesBuildPhase section */

/* Begin PBXShellScriptBuildPhase section */
		4995A36D08D03708F65CDB4F /* [CP] Copy Pods Resources */ = {
			isa = PBXShellScriptBuildPhase;
			buildActionMask = 2147483647;
			files = (
			);
			inputPaths = (
			);
			name = "[CP] Copy Pods Resources";
			outputPaths = (
			);
			runOnlyForDeploymentPostprocessing = 0;
			shellPath = /bin/sh;
			shellScript = "\"${SRCROOT}/Pods/Target Support Files/Pods-TRProject/Pods-TRProject-resources.sh\"\n";
			showEnvVarsInLog = 0;
		};
		9AC22D19577D1A819F2A9A79 /* [CP] Check Pods Manifest.lock */ = {
			isa = PBXShellScriptBuildPhase;
			buildActionMask = 2147483647;
			files = (
			);
			inputPaths = (
			);
			name = "[CP] Check Pods Manifest.lock";
			outputPaths = (
			);
			runOnlyForDeploymentPostprocessing = 0;
			shellPath = /bin/sh;
			shellScript = "diff \"${PODS_ROOT}/../Podfile.lock\" \"${PODS_ROOT}/Manifest.lock\" > /dev/null\nif [[ $? != 0 ]] ; then\n    cat << EOM\nerror: The sandbox is not in sync with the Podfile.lock. Run 'pod install' or update your CocoaPods installation.\nEOM\n    exit 1\nfi\n";
			showEnvVarsInLog = 0;
		};
		B95EF87E57D3B433C0342E7F /* [CP] Embed Pods Frameworks */ = {
			isa = PBXShellScriptBuildPhase;
			buildActionMask = 2147483647;
			files = (
			);
			inputPaths = (
			);
			name = "[CP] Embed Pods Frameworks";
			outputPaths = (
			);
			runOnlyForDeploymentPostprocessing = 0;
			shellPath = /bin/sh;
			shellScript = "\"${SRCROOT}/Pods/Target Support Files/Pods-TRProject/Pods-TRProject-frameworks.sh\"\n";
			showEnvVarsInLog = 0;
		};
/* End PBXShellScriptBuildPhase section */

/* Begin PBXSourcesBuildPhase section */
		38ADA3AF1C626AAF0093502F /* Sources */ = {
			isa = PBXSourcesBuildPhase;
			buildActionMask = 2147483647;
			files = (
				DBFFABEF1D20BF2B00461B19 /* YXSearchModel.m in Sources */,
				DBFFABF21D20C3D500461B19 /* YXSearchViewModel.m in Sources */,
				DBFFAC231D21043E00461B19 /* IQKeyboardReturnKeyHandler.m in Sources */,
				DB1A430C1D1AEE3000B4EFFA /* YXAllListCell.m in Sources */,
				382C976A1C81D686003D1D51 /* UIView+HUD.m in Sources */,
				DB78AF8F1D213614004B8837 /* YXResumeViewCell.m in Sources */,
				DBFFAC1C1D21043E00461B19 /* IQNSArray+Sort.m in Sources */,
				38A1A3461C745317007EEEB7 /* NSObject+AFNetworking.m in Sources */,
				DBFFAC1E1D21043E00461B19 /* IQUITextFieldView+Additions.m in Sources */,
				DBFFAC291D21043E00461B19 /* IQUIView+IQKeyboardToolbar.m in Sources */,
				DB1A43061D1AB8D600B4EFFA /* YXMyPageViewController.m in Sources */,
				DB8FAFF11D198BA9005A0DA0 /* YXDateModel.m in Sources */,
				DB1A43091D1ABC0F00B4EFFA /* YXGameListCell.m in Sources */,
				DBFFAC201D21043E00461B19 /* IQUIViewController+Additions.m in Sources */,
				DBFFAC261D21043E00461B19 /* IQPreviousNextView.m in Sources */,
				DBFFAC251D21043E00461B19 /* IQBarButtonItem.m in Sources */,
				DB1A42F01D1A94F800B4EFFA /* YXRecommendViewController.m in Sources */,
				DBFFAC371D211B4E00461B19 /* YXLogInViewCell.m in Sources */,
				DBFFAC241D21043E00461B19 /* IQTextView.m in Sources */,
				DB8FAFF71D19901A005A0DA0 /* YXGameListViewModel.m in Sources */,
				38ADA3BB1C626AAF0093502F /* AppDelegate.m in Sources */,
				DBFFABEA1D1FDC9300461B19 /* YXMidCell.m in Sources */,
				DBFFAC211D21043E00461B19 /* IQUIWindow+Hierarchy.m in Sources */,
				DB8FB0031D1998D4005A0DA0 /* YXAllListViewModel.m in Sources */,
				DB1A42F61D1A95B600B4EFFA /* YXGameListViewController.m in Sources */,
				386BF94E1CBB3CE200BC74F1 /* NSString+YX.m in Sources */,
				DBFFAC1D1D21043E00461B19 /* IQUIScrollView+Additions.m in Sources */,
				DB78AF8C1D213420004B8837 /* YXResumeViewController.m in Sources */,
				DBFFAC221D21043E00461B19 /* IQKeyboardManager.m in Sources */,
				DB8FAFEE1D1982A7005A0DA0 /* YXRecommendViewModel.m in Sources */,
				DBFFAC1F1D21043E00461B19 /* IQUIView+Hierarchy.m in Sources */,
				DB8FAFEB1D1981B0005A0DA0 /* YXNetManager.m in Sources */,
				DB1A430F1D1AF41D00B4EFFA /* YXAllListTheHeroViewController.m in Sources */,
				DB8FAFF41D198DB3005A0DA0 /* YXGameListModel.m in Sources */,
				DB8FAFFD1D1995B0005A0DA0 /* YXTheGameViewModel.m in Sources */,
				DBC0F8721D1BFC8800CE9403 /* YXRecommendHeaderView.m in Sources */,
				386BF94B1CBB3C9600BC74F1 /* NSObject+Parse.m in Sources */,
				38A1A3371C74526C007EEEB7 /* ViewController.m in Sources */,
				DBFFABF61D20CC3B00461B19 /* YXSearchViewController.m in Sources */,
				38A1A3481C745317007EEEB7 /* UIScrollView+Refresh.m in Sources */,
				DB1A42F31D1A959E00B4EFFA /* YXAllListViewController.m in Sources */,
				3851FBE11D0F0C110054BDA0 /* TRBaseViewModel.m in Sources */,
				DB8FB0001D19972E005A0DA0 /* YXAllListModel.m in Sources */,
				DB8FAFE81D194CB4005A0DA0 /* YXRecommendModel.m in Sources */,
				DBFFAC271D21043E00461B19 /* IQTitleBarButtonItem.m in Sources */,
				382C11831C7E8CDD00F34BB0 /* AppDelegate+System.m in Sources */,
				DBFFAC301D2113F900461B19 /* YXLogInViewController.m in Sources */,
				DB8FAFFA1D1992F0005A0DA0 /* YXTheGameModel.m in Sources */,
				DBFFABE71D1FB42000461B19 /* YXSectionHeaderView.m in Sources */,
				38ADA3B81C626AAF0093502F /* main.m in Sources */,
				DBFFAC281D21043E00461B19 /* IQToolbar.m in Sources */,
			);
			runOnlyForDeploymentPostprocessing = 0;
		};
/* End PBXSourcesBuildPhase section */

/* Begin XCBuildConfiguration section */
		38ADA3C81C626AAF0093502F /* Debug */ = {
			isa = XCBuildConfiguration;
			buildSettings = {
				ALWAYS_SEARCH_USER_PATHS = NO;
				CLANG_CXX_LANGUAGE_STANDARD = "gnu++0x";
				CLANG_CXX_LIBRARY = "libc++";
				CLANG_ENABLE_MODULES = YES;
				CLANG_ENABLE_OBJC_ARC = YES;
				CLANG_WARN_BOOL_CONVERSION = YES;
				CLANG_WARN_CONSTANT_CONVERSION = YES;
				CLANG_WARN_DIRECT_OBJC_ISA_USAGE = YES_ERROR;
				CLANG_WARN_EMPTY_BODY = YES;
				CLANG_WARN_ENUM_CONVERSION = YES;
				CLANG_WARN_INT_CONVERSION = YES;
				CLANG_WARN_OBJC_ROOT_CLASS = YES_ERROR;
				CLANG_WARN_UNREACHABLE_CODE = YES;
				CLANG_WARN__DUPLICATE_METHOD_MATCH = YES;
				"CODE_SIGN_IDENTITY[sdk=iphoneos*]" = "iPhone Developer";
				COPY_PHASE_STRIP = NO;
				DEBUG_INFORMATION_FORMAT = dwarf;
				ENABLE_STRICT_OBJC_MSGSEND = YES;
				ENABLE_TESTABILITY = YES;
				GCC_C_LANGUAGE_STANDARD = gnu99;
				GCC_DYNAMIC_NO_PIC = NO;
				GCC_NO_COMMON_BLOCKS = YES;
				GCC_OPTIMIZATION_LEVEL = 0;
				GCC_PREPROCESSOR_DEFINITIONS = (
					"DEBUG=1",
					"$(inherited)",
				);
				GCC_WARN_64_TO_32_BIT_CONVERSION = YES;
				GCC_WARN_ABOUT_RETURN_TYPE = YES_ERROR;
				GCC_WARN_UNDECLARED_SELECTOR = YES;
				GCC_WARN_UNINITIALIZED_AUTOS = YES_AGGRESSIVE;
				GCC_WARN_UNUSED_FUNCTION = YES;
				GCC_WARN_UNUSED_VARIABLE = YES;
				IPHONEOS_DEPLOYMENT_TARGET = 7.0;
				MTL_ENABLE_DEBUG_INFO = YES;
				ONLY_ACTIVE_ARCH = YES;
				SDKROOT = iphoneos;
			};
			name = Debug;
		};
		38ADA3C91C626AAF0093502F /* Release */ = {
			isa = XCBuildConfiguration;
			buildSettings = {
				ALWAYS_SEARCH_USER_PATHS = NO;
				CLANG_CXX_LANGUAGE_STANDARD = "gnu++0x";
				CLANG_CXX_LIBRARY = "libc++";
				CLANG_ENABLE_MODULES = YES;
				CLANG_ENABLE_OBJC_ARC = YES;
				CLANG_WARN_BOOL_CONVERSION = YES;
				CLANG_WARN_CONSTANT_CONVERSION = YES;
				CLANG_WARN_DIRECT_OBJC_ISA_USAGE = YES_ERROR;
				CLANG_WARN_EMPTY_BODY = YES;
				CLANG_WARN_ENUM_CONVERSION = YES;
				CLANG_WARN_INT_CONVERSION = YES;
				CLANG_WARN_OBJC_ROOT_CLASS = YES_ERROR;
				CLANG_WARN_UNREACHABLE_CODE = YES;
				CLANG_WARN__DUPLICATE_METHOD_MATCH = YES;
				"CODE_SIGN_IDENTITY[sdk=iphoneos*]" = "iPhone Developer";
				COPY_PHASE_STRIP = NO;
				DEBUG_INFORMATION_FORMAT = "dwarf-with-dsym";
				ENABLE_NS_ASSERTIONS = NO;
				ENABLE_STRICT_OBJC_MSGSEND = YES;
				GCC_C_LANGUAGE_STANDARD = gnu99;
				GCC_NO_COMMON_BLOCKS = YES;
				GCC_WARN_64_TO_32_BIT_CONVERSION = YES;
				GCC_WARN_ABOUT_RETURN_TYPE = YES_ERROR;
				GCC_WARN_UNDECLARED_SELECTOR = YES;
				GCC_WARN_UNINITIALIZED_AUTOS = YES_AGGRESSIVE;
				GCC_WARN_UNUSED_FUNCTION = YES;
				GCC_WARN_UNUSED_VARIABLE = YES;
				IPHONEOS_DEPLOYMENT_TARGET = 7.0;
				MTL_ENABLE_DEBUG_INFO = NO;
				SDKROOT = iphoneos;
				VALIDATE_PRODUCT = YES;
			};
			name = Release;
		};
		38ADA3CB1C626AAF0093502F /* Debug */ = {
			isa = XCBuildConfiguration;
			baseConfigurationReference = DDE25EAEFBF2DF6DBEDAD90D /* Pods-TRProject.debug.xcconfig */;
			buildSettings = {
				ASSETCATALOG_COMPILER_APPICON_NAME = AppIcon;
				CODE_SIGN_IDENTITY = "iPhone Developer";
				GCC_PREFIX_HEADER = $PRODUCT_NAME/PrefixHeader.pch;
				INFOPLIST_FILE = TRProject/Info.plist;
				IPHONEOS_DEPLOYMENT_TARGET = 8.0;
				LD_RUNPATH_SEARCH_PATHS = "$(inherited) @executable_path/Frameworks";
				PRODUCT_BUNDLE_IDENTIFIER = com.tarena.TRProject;
				PRODUCT_NAME = "$(TARGET_NAME)";
			};
			name = Debug;
		};
		38ADA3CC1C626AAF0093502F /* Release */ = {
			isa = XCBuildConfiguration;
			baseConfigurationReference = B6D5968AB9B9E44E939066EA /* Pods-TRProject.release.xcconfig */;
			buildSettings = {
				ASSETCATALOG_COMPILER_APPICON_NAME = AppIcon;
				CODE_SIGN_IDENTITY = "iPhone Developer";
				GCC_PREFIX_HEADER = $PRODUCT_NAME/PrefixHeader.pch;
				INFOPLIST_FILE = TRProject/Info.plist;
				IPHONEOS_DEPLOYMENT_TARGET = 8.0;
				LD_RUNPATH_SEARCH_PATHS = "$(inherited) @executable_path/Frameworks";
				PRODUCT_BUNDLE_IDENTIFIER = com.tarena.TRProject;
				PRODUCT_NAME = "$(TARGET_NAME)";
			};
			name = Release;
		};
/* End XCBuildConfiguration section */

/* Begin XCConfigurationList section */
		38ADA3AE1C626AAF0093502F /* Build configuration list for PBXProject "TRProject" */ = {
			isa = XCConfigurationList;
			buildConfigurations = (
				38ADA3C81C626AAF0093502F /* Debug */,
				38ADA3C91C626AAF0093502F /* Release */,
			);
			defaultConfigurationIsVisible = 0;
			defaultConfigurationName = Release;
		};
		38ADA3CA1C626AAF0093502F /* Build configuration list for PBXNativeTarget "TRProject" */ = {
			isa = XCConfigurationList;
			buildConfigurations = (
				38ADA3CB1C626AAF0093502F /* Debug */,
				38ADA3CC1C626AAF0093502F /* Release */,
			);
			defaultConfigurationIsVisible = 0;
			defaultConfigurationName = Release;
		};
/* End XCConfigurationList section */
	};
	rootObject = 38ADA3AB1C626AAF0093502F /* Project object */;
}
